// !$*UTF8*$!
{
	archiveVersion = 1;
	classes = {
	};
	objectVersion = 54;
	objects = {

/* Begin PBXBuildFile section */
		00E356F31AD99517003FC87E /* DarkMode_RNTests.m in Sources */ = {isa = PBXBuildFile; fileRef = 00E356F21AD99517003FC87E /* DarkMode_RNTests.m */; };
		0C80B921A6F3F58F76C31292 /* libPods-DarkMode_RN.a in Frameworks */ = {isa = PBXBuildFile; fileRef = 5DCACB8F33CDC322A6C60F78 /* libPods-DarkMode_RN.a */; };
		13B07FBC1A68108700A75B9A /* AppDelegate.mm in Sources */ = {isa = PBXBuildFile; fileRef = 13B07FB01A68108700A75B9A /* AppDelegate.mm */; };
		13B07FBF1A68108700A75B9A /* Images.xcassets in Resources */ = {isa = PBXBuildFile; fileRef = 13B07FB51A68108700A75B9A /* Images.xcassets */; };
		13B07FC11A68108700A75B9A /* main.m in Sources */ = {isa = PBXBuildFile; fileRef = 13B07FB71A68108700A75B9A /* main.m */; };
		7699B88040F8A987B510C191 /* libPods-DarkMode_RN-DarkMode_RNTests.a in Frameworks */ = {isa = PBXBuildFile; fileRef = 19F6CBCC0A4E27FBF8BF4A61 /* libPods-DarkMode_RN-DarkMode_RNTests.a */; };
		81AB9BB82411601600AC10FF /* LaunchScreen.storyboard in Resources */ = {isa = PBXBuildFile; fileRef = 81AB9BB72411601600AC10FF /* LaunchScreen.storyboard */; };
		549E3C706F8F46E1B062F4AB /* Poppins-Black.ttf in Resources */ = {isa = PBXBuildFile; fileRef = D49C49DE5E5346C6B6EEB3DD /* Poppins-Black.ttf */; };
		4A324E1C870B48EEA396AFC5 /* Poppins-BlackItalic.ttf in Resources */ = {isa = PBXBuildFile; fileRef = 7E9D981AFAA640849060779E /* Poppins-BlackItalic.ttf */; };
		1E2897CC622845C29ABB9CFB /* Poppins-Bold.ttf in Resources */ = {isa = PBXBuildFile; fileRef = D5272518B803475EB73034E4 /* Poppins-Bold.ttf */; };
		EF44CBAE63C145A583ED1836 /* Poppins-BoldItalic.ttf in Resources */ = {isa = PBXBuildFile; fileRef = C71E8C0AE34940CA8074A963 /* Poppins-BoldItalic.ttf */; };
		22806E5AB32A44F08B2CAD78 /* Poppins-ExtraBold.ttf in Resources */ = {isa = PBXBuildFile; fileRef = E8CE1E1EE562412A8180F901 /* Poppins-ExtraBold.ttf */; };
		3FFEE320ADBF401F8E823C44 /* Poppins-ExtraBoldItalic.ttf in Resources */ = {isa = PBXBuildFile; fileRef = 801B68F589D74D8BB351DC41 /* Poppins-ExtraBoldItalic.ttf */; };
		D493F400FEDD45829CDEB37B /* Poppins-ExtraLight.ttf in Resources */ = {isa = PBXBuildFile; fileRef = 2E51CDD8FAF2423D8F79A88A /* Poppins-ExtraLight.ttf */; };
		2D8F089E619048A9977BBADC /* Poppins-ExtraLightItalic.ttf in Resources */ = {isa = PBXBuildFile; fileRef = 243631829AE146AA8F8EDB5D /* Poppins-ExtraLightItalic.ttf */; };
		D90F2FAD81FD4E9DB3808FBD /* Poppins-Italic.ttf in Resources */ = {isa = PBXBuildFile; fileRef = 221B43F5B353400C86780CEC /* Poppins-Italic.ttf */; };
		0B9573F9978E49BAA8B82ABE /* Poppins-Light.ttf in Resources */ = {isa = PBXBuildFile; fileRef = 0DD4F7F123C745C3A08F4245 /* Poppins-Light.ttf */; };
		16A76ED5A18244E4AD3BFCD0 /* Poppins-LightItalic.ttf in Resources */ = {isa = PBXBuildFile; fileRef = 7B0D3EC1F23041498B8D73CF /* Poppins-LightItalic.ttf */; };
		79F453E4AF774DF58A71428E /* Poppins-Medium.ttf in Resources */ = {isa = PBXBuildFile; fileRef = F999C854DF6F4FE3ABFB5A0C /* Poppins-Medium.ttf */; };
		FD7D83884BEA42BAA0449D6A /* Poppins-MediumItalic.ttf in Resources */ = {isa = PBXBuildFile; fileRef = DDA39750B5974F0FBA3A6F36 /* Poppins-MediumItalic.ttf */; };
		96DAD8094CDB486D9D3D29A5 /* Poppins-Regular.ttf in Resources */ = {isa = PBXBuildFile; fileRef = 6629EBCE9457454EA64BD51E /* Poppins-Regular.ttf */; };
		D74D822EDA6D4AE18007EEEE /* Poppins-SemiBold.ttf in Resources */ = {isa = PBXBuildFile; fileRef = 9475CF2E9CE4439ABF69ABA6 /* Poppins-SemiBold.ttf */; };
		F27439D327C444F3ADFBC58F /* Poppins-SemiBoldItalic.ttf in Resources */ = {isa = PBXBuildFile; fileRef = B5A543AA27F546FAAEAF3CED /* Poppins-SemiBoldItalic.ttf */; };
		97D9231215B642AEB0378E01 /* Poppins-Thin.ttf in Resources */ = {isa = PBXBuildFile; fileRef = 94B7896F919149EDB0BF2283 /* Poppins-Thin.ttf */; };
		FC9EBB55A3FD4A099EF48F6A /* Poppins-ThinItalic.ttf in Resources */ = {isa = PBXBuildFile; fileRef = F7A4FA3F41A0494089D22D14 /* Poppins-ThinItalic.ttf */; };
		09B8056D011F483CB228E027 /* VVE-Giallo-Bold.ttf in Resources */ = {isa = PBXBuildFile; fileRef = 3023FD9DA5E84F0C84E52E13 /* VVE-Giallo-Bold.ttf */; };
		19763533C0024E92A95F0CA0 /* VVE-Giallo-BoldItalic.ttf in Resources */ = {isa = PBXBuildFile; fileRef = EA1DB3C5A5BC48DCBF490024 /* VVE-Giallo-BoldItalic.ttf */; };
		261F6051DCE147DEB42699C7 /* VVE-Giallo-Book.ttf in Resources */ = {isa = PBXBuildFile; fileRef = BDF71CC94C144FD6974DED07 /* VVE-Giallo-Book.ttf */; };
		E923773942994A0DB3CEAEA2 /* VVE-Giallo-BookItalic.ttf in Resources */ = {isa = PBXBuildFile; fileRef = DC538AFE3763414DA5554FD8 /* VVE-Giallo-BookItalic.ttf */; };
		A677CBA7373D44B4BF943DB2 /* VVE-Giallo-ExtraBold.ttf in Resources */ = {isa = PBXBuildFile; fileRef = D3376E7ECD56477ABBB7C71D /* VVE-Giallo-ExtraBold.ttf */; };
		68EB64E32EAB409BAF58E80B /* VVE-Giallo-ExtraBoldItalic.ttf in Resources */ = {isa = PBXBuildFile; fileRef = E3274CBBD56648719C7A0C9B /* VVE-Giallo-ExtraBoldItalic.ttf */; };
		34169016CA824CA5B9185664 /* VVE-Giallo-Heavy.ttf in Resources */ = {isa = PBXBuildFile; fileRef = 981771A280E94F319632FE6A /* VVE-Giallo-Heavy.ttf */; };
		755A25CAA9B249F9ACFDBBE5 /* VVE-Giallo-HeavyItalic.ttf in Resources */ = {isa = PBXBuildFile; fileRef = 78A593D1C0044DE9A6B0E231 /* VVE-Giallo-HeavyItalic.ttf */; };
		36B571BE4C1846F3B6406F32 /* VVE-Giallo-Italic.ttf in Resources */ = {isa = PBXBuildFile; fileRef = 11F28E2ED65A4A4B82074C89 /* VVE-Giallo-Italic.ttf */; };
		F15DB32260BA4D8281B34900 /* VVE-Giallo-Light.ttf in Resources */ = {isa = PBXBuildFile; fileRef = E1D36A1FB9F946219697125E /* VVE-Giallo-Light.ttf */; };
		91D0A14EEA814F41895C9EC3 /* VVE-Giallo-LightItalic.ttf in Resources */ = {isa = PBXBuildFile; fileRef = 7FA6B4D1C17C4758A7B83A4F /* VVE-Giallo-LightItalic.ttf */; };
		63609F4FEC4F4DB7A706B150 /* VVE-Giallo-Medium.ttf in Resources */ = {isa = PBXBuildFile; fileRef = 78E76A95297D470DAF6E3B04 /* VVE-Giallo-Medium.ttf */; };
		A5D8C7BF00854FF19D8C4500 /* VVE-Giallo-MediumItalic.ttf in Resources */ = {isa = PBXBuildFile; fileRef = A4E540F5FA254A7384A4BC93 /* VVE-Giallo-MediumItalic.ttf */; };
		706C4F39A35B4DB7868E5655 /* VVE-Giallo-Regular.ttf in Resources */ = {isa = PBXBuildFile; fileRef = F9E7B4D1F801403D970F0E8D /* VVE-Giallo-Regular.ttf */; };
		5CC3C7945FCF423BBFFB819D /* VVE-Giallo-Thin.ttf in Resources */ = {isa = PBXBuildFile; fileRef = BFCBF35D59D94BC98EA1DD50 /* VVE-Giallo-Thin.ttf */; };
		8BAF4350734D48ED991B7F34 /* VVE-Giallo-ThinItalic.ttf in Resources */ = {isa = PBXBuildFile; fileRef = 12E4008347EF4A36A3D78D6C /* VVE-Giallo-ThinItalic.ttf */; };
/* End PBXBuildFile section */

/* Begin PBXContainerItemProxy section */
		00E356F41AD99517003FC87E /* PBXContainerItemProxy */ = {
			isa = PBXContainerItemProxy;
			containerPortal = 83CBB9F71A601CBA00E9B192 /* Project object */;
			proxyType = 1;
			remoteGlobalIDString = 13B07F861A680F5B00A75B9A;
			remoteInfo = DarkMode_RN;
		};
/* End PBXContainerItemProxy section */

/* Begin PBXFileReference section */
		00E356EE1AD99517003FC87E /* DarkMode_RNTests.xctest */ = {isa = PBXFileReference; explicitFileType = wrapper.cfbundle; includeInIndex = 0; path = DarkMode_RNTests.xctest; sourceTree = BUILT_PRODUCTS_DIR; };
		00E356F11AD99517003FC87E /* Info.plist */ = {isa = PBXFileReference; lastKnownFileType = text.plist.xml; path = Info.plist; sourceTree = "<group>"; };
		00E356F21AD99517003FC87E /* DarkMode_RNTests.m */ = {isa = PBXFileReference; lastKnownFileType = sourcecode.c.objc; path = DarkMode_RNTests.m; sourceTree = "<group>"; };
		13B07F961A680F5B00A75B9A /* DarkMode_RN.app */ = {isa = PBXFileReference; explicitFileType = wrapper.application; includeInIndex = 0; path = DarkMode_RN.app; sourceTree = BUILT_PRODUCTS_DIR; };
		13B07FAF1A68108700A75B9A /* AppDelegate.h */ = {isa = PBXFileReference; fileEncoding = 4; lastKnownFileType = sourcecode.c.h; name = AppDelegate.h; path = DarkMode_RN/AppDelegate.h; sourceTree = "<group>"; };
		13B07FB01A68108700A75B9A /* AppDelegate.mm */ = {isa = PBXFileReference; fileEncoding = 4; lastKnownFileType = sourcecode.cpp.objcpp; name = AppDelegate.mm; path = DarkMode_RN/AppDelegate.mm; sourceTree = "<group>"; };
		13B07FB51A68108700A75B9A /* Images.xcassets */ = {isa = PBXFileReference; lastKnownFileType = folder.assetcatalog; name = Images.xcassets; path = DarkMode_RN/Images.xcassets; sourceTree = "<group>"; };
		13B07FB61A68108700A75B9A /* Info.plist */ = {isa = PBXFileReference; fileEncoding = 4; lastKnownFileType = text.plist.xml; name = Info.plist; path = DarkMode_RN/Info.plist; sourceTree = "<group>"; };
		13B07FB71A68108700A75B9A /* main.m */ = {isa = PBXFileReference; fileEncoding = 4; lastKnownFileType = sourcecode.c.objc; name = main.m; path = DarkMode_RN/main.m; sourceTree = "<group>"; };
		19F6CBCC0A4E27FBF8BF4A61 /* libPods-DarkMode_RN-DarkMode_RNTests.a */ = {isa = PBXFileReference; explicitFileType = archive.ar; includeInIndex = 0; path = "libPods-DarkMode_RN-DarkMode_RNTests.a"; sourceTree = BUILT_PRODUCTS_DIR; };
		3B4392A12AC88292D35C810B /* Pods-DarkMode_RN.debug.xcconfig */ = {isa = PBXFileReference; includeInIndex = 1; lastKnownFileType = text.xcconfig; name = "Pods-DarkMode_RN.debug.xcconfig"; path = "Target Support Files/Pods-DarkMode_RN/Pods-DarkMode_RN.debug.xcconfig"; sourceTree = "<group>"; };
		5709B34CF0A7D63546082F79 /* Pods-DarkMode_RN.release.xcconfig */ = {isa = PBXFileReference; includeInIndex = 1; lastKnownFileType = text.xcconfig; name = "Pods-DarkMode_RN.release.xcconfig"; path = "Target Support Files/Pods-DarkMode_RN/Pods-DarkMode_RN.release.xcconfig"; sourceTree = "<group>"; };
		5B7EB9410499542E8C5724F5 /* Pods-DarkMode_RN-DarkMode_RNTests.debug.xcconfig */ = {isa = PBXFileReference; includeInIndex = 1; lastKnownFileType = text.xcconfig; name = "Pods-DarkMode_RN-DarkMode_RNTests.debug.xcconfig"; path = "Target Support Files/Pods-DarkMode_RN-DarkMode_RNTests/Pods-DarkMode_RN-DarkMode_RNTests.debug.xcconfig"; sourceTree = "<group>"; };
		5DCACB8F33CDC322A6C60F78 /* libPods-DarkMode_RN.a */ = {isa = PBXFileReference; explicitFileType = archive.ar; includeInIndex = 0; path = "libPods-DarkMode_RN.a"; sourceTree = BUILT_PRODUCTS_DIR; };
		81AB9BB72411601600AC10FF /* LaunchScreen.storyboard */ = {isa = PBXFileReference; fileEncoding = 4; lastKnownFileType = file.storyboard; name = LaunchScreen.storyboard; path = DarkMode_RN/LaunchScreen.storyboard; sourceTree = "<group>"; };
		89C6BE57DB24E9ADA2F236DE /* Pods-DarkMode_RN-DarkMode_RNTests.release.xcconfig */ = {isa = PBXFileReference; includeInIndex = 1; lastKnownFileType = text.xcconfig; name = "Pods-DarkMode_RN-DarkMode_RNTests.release.xcconfig"; path = "Target Support Files/Pods-DarkMode_RN-DarkMode_RNTests/Pods-DarkMode_RN-DarkMode_RNTests.release.xcconfig"; sourceTree = "<group>"; };
		ED297162215061F000B7C4FE /* JavaScriptCore.framework */ = {isa = PBXFileReference; lastKnownFileType = wrapper.framework; name = JavaScriptCore.framework; path = System/Library/Frameworks/JavaScriptCore.framework; sourceTree = SDKROOT; };
		D49C49DE5E5346C6B6EEB3DD /* Poppins-Black.ttf */ = {isa = PBXFileReference; name = "Poppins-Black.ttf"; path = "../assets/fonts/Poppins-Black.ttf"; sourceTree = "<group>"; fileEncoding = undefined; lastKnownFileType = unknown; explicitFileType = undefined; includeInIndex = 0; };
		7E9D981AFAA640849060779E /* Poppins-BlackItalic.ttf */ = {isa = PBXFileReference; name = "Poppins-BlackItalic.ttf"; path = "../assets/fonts/Poppins-BlackItalic.ttf"; sourceTree = "<group>"; fileEncoding = undefined; lastKnownFileType = unknown; explicitFileType = undefined; includeInIndex = 0; };
		D5272518B803475EB73034E4 /* Poppins-Bold.ttf */ = {isa = PBXFileReference; name = "Poppins-Bold.ttf"; path = "../assets/fonts/Poppins-Bold.ttf"; sourceTree = "<group>"; fileEncoding = undefined; lastKnownFileType = unknown; explicitFileType = undefined; includeInIndex = 0; };
		C71E8C0AE34940CA8074A963 /* Poppins-BoldItalic.ttf */ = {isa = PBXFileReference; name = "Poppins-BoldItalic.ttf"; path = "../assets/fonts/Poppins-BoldItalic.ttf"; sourceTree = "<group>"; fileEncoding = undefined; lastKnownFileType = unknown; explicitFileType = undefined; includeInIndex = 0; };
		E8CE1E1EE562412A8180F901 /* Poppins-ExtraBold.ttf */ = {isa = PBXFileReference; name = "Poppins-ExtraBold.ttf"; path = "../assets/fonts/Poppins-ExtraBold.ttf"; sourceTree = "<group>"; fileEncoding = undefined; lastKnownFileType = unknown; explicitFileType = undefined; includeInIndex = 0; };
		801B68F589D74D8BB351DC41 /* Poppins-ExtraBoldItalic.ttf */ = {isa = PBXFileReference; name = "Poppins-ExtraBoldItalic.ttf"; path = "../assets/fonts/Poppins-ExtraBoldItalic.ttf"; sourceTree = "<group>"; fileEncoding = undefined; lastKnownFileType = unknown; explicitFileType = undefined; includeInIndex = 0; };
		2E51CDD8FAF2423D8F79A88A /* Poppins-ExtraLight.ttf */ = {isa = PBXFileReference; name = "Poppins-ExtraLight.ttf"; path = "../assets/fonts/Poppins-ExtraLight.ttf"; sourceTree = "<group>"; fileEncoding = undefined; lastKnownFileType = unknown; explicitFileType = undefined; includeInIndex = 0; };
		243631829AE146AA8F8EDB5D /* Poppins-ExtraLightItalic.ttf */ = {isa = PBXFileReference; name = "Poppins-ExtraLightItalic.ttf"; path = "../assets/fonts/Poppins-ExtraLightItalic.ttf"; sourceTree = "<group>"; fileEncoding = undefined; lastKnownFileType = unknown; explicitFileType = undefined; includeInIndex = 0; };
		221B43F5B353400C86780CEC /* Poppins-Italic.ttf */ = {isa = PBXFileReference; name = "Poppins-Italic.ttf"; path = "../assets/fonts/Poppins-Italic.ttf"; sourceTree = "<group>"; fileEncoding = undefined; lastKnownFileType = unknown; explicitFileType = undefined; includeInIndex = 0; };
		0DD4F7F123C745C3A08F4245 /* Poppins-Light.ttf */ = {isa = PBXFileReference; name = "Poppins-Light.ttf"; path = "../assets/fonts/Poppins-Light.ttf"; sourceTree = "<group>"; fileEncoding = undefined; lastKnownFileType = unknown; explicitFileType = undefined; includeInIndex = 0; };
		7B0D3EC1F23041498B8D73CF /* Poppins-LightItalic.ttf */ = {isa = PBXFileReference; name = "Poppins-LightItalic.ttf"; path = "../assets/fonts/Poppins-LightItalic.ttf"; sourceTree = "<group>"; fileEncoding = undefined; lastKnownFileType = unknown; explicitFileType = undefined; includeInIndex = 0; };
		F999C854DF6F4FE3ABFB5A0C /* Poppins-Medium.ttf */ = {isa = PBXFileReference; name = "Poppins-Medium.ttf"; path = "../assets/fonts/Poppins-Medium.ttf"; sourceTree = "<group>"; fileEncoding = undefined; lastKnownFileType = unknown; explicitFileType = undefined; includeInIndex = 0; };
		DDA39750B5974F0FBA3A6F36 /* Poppins-MediumItalic.ttf */ = {isa = PBXFileReference; name = "Poppins-MediumItalic.ttf"; path = "../assets/fonts/Poppins-MediumItalic.ttf"; sourceTree = "<group>"; fileEncoding = undefined; lastKnownFileType = unknown; explicitFileType = undefined; includeInIndex = 0; };
		6629EBCE9457454EA64BD51E /* Poppins-Regular.ttf */ = {isa = PBXFileReference; name = "Poppins-Regular.ttf"; path = "../assets/fonts/Poppins-Regular.ttf"; sourceTree = "<group>"; fileEncoding = undefined; lastKnownFileType = unknown; explicitFileType = undefined; includeInIndex = 0; };
		9475CF2E9CE4439ABF69ABA6 /* Poppins-SemiBold.ttf */ = {isa = PBXFileReference; name = "Poppins-SemiBold.ttf"; path = "../assets/fonts/Poppins-SemiBold.ttf"; sourceTree = "<group>"; fileEncoding = undefined; lastKnownFileType = unknown; explicitFileType = undefined; includeInIndex = 0; };
		B5A543AA27F546FAAEAF3CED /* Poppins-SemiBoldItalic.ttf */ = {isa = PBXFileReference; name = "Poppins-SemiBoldItalic.ttf"; path = "../assets/fonts/Poppins-SemiBoldItalic.ttf"; sourceTree = "<group>"; fileEncoding = undefined; lastKnownFileType = unknown; explicitFileType = undefined; includeInIndex = 0; };
		94B7896F919149EDB0BF2283 /* Poppins-Thin.ttf */ = {isa = PBXFileReference; name = "Poppins-Thin.ttf"; path = "../assets/fonts/Poppins-Thin.ttf"; sourceTree = "<group>"; fileEncoding = undefined; lastKnownFileType = unknown; explicitFileType = undefined; includeInIndex = 0; };
		F7A4FA3F41A0494089D22D14 /* Poppins-ThinItalic.ttf */ = {isa = PBXFileReference; name = "Poppins-ThinItalic.ttf"; path = "../assets/fonts/Poppins-ThinItalic.ttf"; sourceTree = "<group>"; fileEncoding = undefined; lastKnownFileType = unknown; explicitFileType = undefined; includeInIndex = 0; };
		3023FD9DA5E84F0C84E52E13 /* VVE-Giallo-Bold.ttf */ = {isa = PBXFileReference; name = "VVE-Giallo-Bold.ttf"; path = "../assets/fonts/VVE-Giallo-Bold.ttf"; sourceTree = "<group>"; fileEncoding = undefined; lastKnownFileType = unknown; explicitFileType = undefined; includeInIndex = 0; };
		EA1DB3C5A5BC48DCBF490024 /* VVE-Giallo-BoldItalic.ttf */ = {isa = PBXFileReference; name = "VVE-Giallo-BoldItalic.ttf"; path = "../assets/fonts/VVE-Giallo-BoldItalic.ttf"; sourceTree = "<group>"; fileEncoding = undefined; lastKnownFileType = unknown; explicitFileType = undefined; includeInIndex = 0; };
		BDF71CC94C144FD6974DED07 /* VVE-Giallo-Book.ttf */ = {isa = PBXFileReference; name = "VVE-Giallo-Book.ttf"; path = "../assets/fonts/VVE-Giallo-Book.ttf"; sourceTree = "<group>"; fileEncoding = undefined; lastKnownFileType = unknown; explicitFileType = undefined; includeInIndex = 0; };
		DC538AFE3763414DA5554FD8 /* VVE-Giallo-BookItalic.ttf */ = {isa = PBXFileReference; name = "VVE-Giallo-BookItalic.ttf"; path = "../assets/fonts/VVE-Giallo-BookItalic.ttf"; sourceTree = "<group>"; fileEncoding = undefined; lastKnownFileType = unknown; explicitFileType = undefined; includeInIndex = 0; };
		D3376E7ECD56477ABBB7C71D /* VVE-Giallo-ExtraBold.ttf */ = {isa = PBXFileReference; name = "VVE-Giallo-ExtraBold.ttf"; path = "../assets/fonts/VVE-Giallo-ExtraBold.ttf"; sourceTree = "<group>"; fileEncoding = undefined; lastKnownFileType = unknown; explicitFileType = undefined; includeInIndex = 0; };
		E3274CBBD56648719C7A0C9B /* VVE-Giallo-ExtraBoldItalic.ttf */ = {isa = PBXFileReference; name = "VVE-Giallo-ExtraBoldItalic.ttf"; path = "../assets/fonts/VVE-Giallo-ExtraBoldItalic.ttf"; sourceTree = "<group>"; fileEncoding = undefined; lastKnownFileType = unknown; explicitFileType = undefined; includeInIndex = 0; };
		981771A280E94F319632FE6A /* VVE-Giallo-Heavy.ttf */ = {isa = PBXFileReference; name = "VVE-Giallo-Heavy.ttf"; path = "../assets/fonts/VVE-Giallo-Heavy.ttf"; sourceTree = "<group>"; fileEncoding = undefined; lastKnownFileType = unknown; explicitFileType = undefined; includeInIndex = 0; };
		78A593D1C0044DE9A6B0E231 /* VVE-Giallo-HeavyItalic.ttf */ = {isa = PBXFileReference; name = "VVE-Giallo-HeavyItalic.ttf"; path = "../assets/fonts/VVE-Giallo-HeavyItalic.ttf"; sourceTree = "<group>"; fileEncoding = undefined; lastKnownFileType = unknown; explicitFileType = undefined; includeInIndex = 0; };
		11F28E2ED65A4A4B82074C89 /* VVE-Giallo-Italic.ttf */ = {isa = PBXFileReference; name = "VVE-Giallo-Italic.ttf"; path = "../assets/fonts/VVE-Giallo-Italic.ttf"; sourceTree = "<group>"; fileEncoding = undefined; lastKnownFileType = unknown; explicitFileType = undefined; includeInIndex = 0; };
		E1D36A1FB9F946219697125E /* VVE-Giallo-Light.ttf */ = {isa = PBXFileReference; name = "VVE-Giallo-Light.ttf"; path = "../assets/fonts/VVE-Giallo-Light.ttf"; sourceTree = "<group>"; fileEncoding = undefined; lastKnownFileType = unknown; explicitFileType = undefined; includeInIndex = 0; };
		7FA6B4D1C17C4758A7B83A4F /* VVE-Giallo-LightItalic.ttf */ = {isa = PBXFileReference; name = "VVE-Giallo-LightItalic.ttf"; path = "../assets/fonts/VVE-Giallo-LightItalic.ttf"; sourceTree = "<group>"; fileEncoding = undefined; lastKnownFileType = unknown; explicitFileType = undefined; includeInIndex = 0; };
		78E76A95297D470DAF6E3B04 /* VVE-Giallo-Medium.ttf */ = {isa = PBXFileReference; name = "VVE-Giallo-Medium.ttf"; path = "../assets/fonts/VVE-Giallo-Medium.ttf"; sourceTree = "<group>"; fileEncoding = undefined; lastKnownFileType = unknown; explicitFileType = undefined; includeInIndex = 0; };
		A4E540F5FA254A7384A4BC93 /* VVE-Giallo-MediumItalic.ttf */ = {isa = PBXFileReference; name = "VVE-Giallo-MediumItalic.ttf"; path = "../assets/fonts/VVE-Giallo-MediumItalic.ttf"; sourceTree = "<group>"; fileEncoding = undefined; lastKnownFileType = unknown; explicitFileType = undefined; includeInIndex = 0; };
		F9E7B4D1F801403D970F0E8D /* VVE-Giallo-Regular.ttf */ = {isa = PBXFileReference; name = "VVE-Giallo-Regular.ttf"; path = "../assets/fonts/VVE-Giallo-Regular.ttf"; sourceTree = "<group>"; fileEncoding = undefined; lastKnownFileType = unknown; explicitFileType = undefined; includeInIndex = 0; };
		BFCBF35D59D94BC98EA1DD50 /* VVE-Giallo-Thin.ttf */ = {isa = PBXFileReference; name = "VVE-Giallo-Thin.ttf"; path = "../assets/fonts/VVE-Giallo-Thin.ttf"; sourceTree = "<group>"; fileEncoding = undefined; lastKnownFileType = unknown; explicitFileType = undefined; includeInIndex = 0; };
		12E4008347EF4A36A3D78D6C /* VVE-Giallo-ThinItalic.ttf */ = {isa = PBXFileReference; name = "VVE-Giallo-ThinItalic.ttf"; path = "../assets/fonts/VVE-Giallo-ThinItalic.ttf"; sourceTree = "<group>"; fileEncoding = undefined; lastKnownFileType = unknown; explicitFileType = undefined; includeInIndex = 0; };
/* End PBXFileReference section */

/* Begin PBXFrameworksBuildPhase section */
		00E356EB1AD99517003FC87E /* Frameworks */ = {
			isa = PBXFrameworksBuildPhase;
			buildActionMask = 2147483647;
			files = (
				7699B88040F8A987B510C191 /* libPods-DarkMode_RN-DarkMode_RNTests.a in Frameworks */,
			);
			runOnlyForDeploymentPostprocessing = 0;
		};
		13B07F8C1A680F5B00A75B9A /* Frameworks */ = {
			isa = PBXFrameworksBuildPhase;
			buildActionMask = 2147483647;
			files = (
				0C80B921A6F3F58F76C31292 /* libPods-DarkMode_RN.a in Frameworks */,
			);
			runOnlyForDeploymentPostprocessing = 0;
		};
/* End PBXFrameworksBuildPhase section */

/* Begin PBXGroup section */
		00E356EF1AD99517003FC87E /* DarkMode_RNTests */ = {
			isa = PBXGroup;
			children = (
				00E356F21AD99517003FC87E /* DarkMode_RNTests.m */,
				00E356F01AD99517003FC87E /* Supporting Files */,
			);
			path = DarkMode_RNTests;
			sourceTree = "<group>";
		};
		00E356F01AD99517003FC87E /* Supporting Files */ = {
			isa = PBXGroup;
			children = (
				00E356F11AD99517003FC87E /* Info.plist */,
			);
			name = "Supporting Files";
			sourceTree = "<group>";
		};
		13B07FAE1A68108700A75B9A /* DarkMode_RN */ = {
			isa = PBXGroup;
			children = (
				13B07FAF1A68108700A75B9A /* AppDelegate.h */,
				13B07FB01A68108700A75B9A /* AppDelegate.mm */,
				13B07FB51A68108700A75B9A /* Images.xcassets */,
				13B07FB61A68108700A75B9A /* Info.plist */,
				81AB9BB72411601600AC10FF /* LaunchScreen.storyboard */,
				13B07FB71A68108700A75B9A /* main.m */,
			);
			name = DarkMode_RN;
			sourceTree = "<group>";
		};
		2D16E6871FA4F8E400B85C8A /* Frameworks */ = {
			isa = PBXGroup;
			children = (
				ED297162215061F000B7C4FE /* JavaScriptCore.framework */,
				5DCACB8F33CDC322A6C60F78 /* libPods-DarkMode_RN.a */,
				19F6CBCC0A4E27FBF8BF4A61 /* libPods-DarkMode_RN-DarkMode_RNTests.a */,
			);
			name = Frameworks;
			sourceTree = "<group>";
		};
		832341AE1AAA6A7D00B99B32 /* Libraries */ = {
			isa = PBXGroup;
			children = (
			);
			name = Libraries;
			sourceTree = "<group>";
		};
		83CBB9F61A601CBA00E9B192 = {
			isa = PBXGroup;
			children = (
				13B07FAE1A68108700A75B9A /* DarkMode_RN */,
				832341AE1AAA6A7D00B99B32 /* Libraries */,
				00E356EF1AD99517003FC87E /* DarkMode_RNTests */,
				83CBBA001A601CBA00E9B192 /* Products */,
				2D16E6871FA4F8E400B85C8A /* Frameworks */,
				BBD78D7AC51CEA395F1C20DB /* Pods */,
				CF2AA9DE4E12448B854A7486 /* Resources */,
			);
			indentWidth = 2;
			sourceTree = "<group>";
			tabWidth = 2;
			usesTabs = 0;
		};
		83CBBA001A601CBA00E9B192 /* Products */ = {
			isa = PBXGroup;
			children = (
				13B07F961A680F5B00A75B9A /* DarkMode_RN.app */,
				00E356EE1AD99517003FC87E /* DarkMode_RNTests.xctest */,
			);
			name = Products;
			sourceTree = "<group>";
		};
		BBD78D7AC51CEA395F1C20DB /* Pods */ = {
			isa = PBXGroup;
			children = (
				3B4392A12AC88292D35C810B /* Pods-DarkMode_RN.debug.xcconfig */,
				5709B34CF0A7D63546082F79 /* Pods-DarkMode_RN.release.xcconfig */,
				5B7EB9410499542E8C5724F5 /* Pods-DarkMode_RN-DarkMode_RNTests.debug.xcconfig */,
				89C6BE57DB24E9ADA2F236DE /* Pods-DarkMode_RN-DarkMode_RNTests.release.xcconfig */,
			);
			path = Pods;
			sourceTree = "<group>";
		};
		CF2AA9DE4E12448B854A7486 /* Resources */ = {
			isa = "PBXGroup";
			children = (
				D49C49DE5E5346C6B6EEB3DD /* Poppins-Black.ttf */,
				7E9D981AFAA640849060779E /* Poppins-BlackItalic.ttf */,
				D5272518B803475EB73034E4 /* Poppins-Bold.ttf */,
				C71E8C0AE34940CA8074A963 /* Poppins-BoldItalic.ttf */,
				E8CE1E1EE562412A8180F901 /* Poppins-ExtraBold.ttf */,
				801B68F589D74D8BB351DC41 /* Poppins-ExtraBoldItalic.ttf */,
				2E51CDD8FAF2423D8F79A88A /* Poppins-ExtraLight.ttf */,
				243631829AE146AA8F8EDB5D /* Poppins-ExtraLightItalic.ttf */,
				221B43F5B353400C86780CEC /* Poppins-Italic.ttf */,
				0DD4F7F123C745C3A08F4245 /* Poppins-Light.ttf */,
				7B0D3EC1F23041498B8D73CF /* Poppins-LightItalic.ttf */,
				F999C854DF6F4FE3ABFB5A0C /* Poppins-Medium.ttf */,
				DDA39750B5974F0FBA3A6F36 /* Poppins-MediumItalic.ttf */,
				6629EBCE9457454EA64BD51E /* Poppins-Regular.ttf */,
				9475CF2E9CE4439ABF69ABA6 /* Poppins-SemiBold.ttf */,
				B5A543AA27F546FAAEAF3CED /* Poppins-SemiBoldItalic.ttf */,
				94B7896F919149EDB0BF2283 /* Poppins-Thin.ttf */,
				F7A4FA3F41A0494089D22D14 /* Poppins-ThinItalic.ttf */,
				3023FD9DA5E84F0C84E52E13 /* VVE-Giallo-Bold.ttf */,
				EA1DB3C5A5BC48DCBF490024 /* VVE-Giallo-BoldItalic.ttf */,
				BDF71CC94C144FD6974DED07 /* VVE-Giallo-Book.ttf */,
				DC538AFE3763414DA5554FD8 /* VVE-Giallo-BookItalic.ttf */,
				D3376E7ECD56477ABBB7C71D /* VVE-Giallo-ExtraBold.ttf */,
				E3274CBBD56648719C7A0C9B /* VVE-Giallo-ExtraBoldItalic.ttf */,
				981771A280E94F319632FE6A /* VVE-Giallo-Heavy.ttf */,
				78A593D1C0044DE9A6B0E231 /* VVE-Giallo-HeavyItalic.ttf */,
				11F28E2ED65A4A4B82074C89 /* VVE-Giallo-Italic.ttf */,
				E1D36A1FB9F946219697125E /* VVE-Giallo-Light.ttf */,
				7FA6B4D1C17C4758A7B83A4F /* VVE-Giallo-LightItalic.ttf */,
				78E76A95297D470DAF6E3B04 /* VVE-Giallo-Medium.ttf */,
				A4E540F5FA254A7384A4BC93 /* VVE-Giallo-MediumItalic.ttf */,
				F9E7B4D1F801403D970F0E8D /* VVE-Giallo-Regular.ttf */,
				BFCBF35D59D94BC98EA1DD50 /* VVE-Giallo-Thin.ttf */,
				12E4008347EF4A36A3D78D6C /* VVE-Giallo-ThinItalic.ttf */,
			);
			name = Resources;
			sourceTree = "<group>";
			path = "";
		};
/* End PBXGroup section */

/* Begin PBXNativeTarget section */
		00E356ED1AD99517003FC87E /* DarkMode_RNTests */ = {
			isa = PBXNativeTarget;
			buildConfigurationList = 00E357021AD99517003FC87E /* Build configuration list for PBXNativeTarget "DarkMode_RNTests" */;
			buildPhases = (
				A55EABD7B0C7F3A422A6CC61 /* [CP] Check Pods Manifest.lock */,
				00E356EA1AD99517003FC87E /* Sources */,
				00E356EB1AD99517003FC87E /* Frameworks */,
				00E356EC1AD99517003FC87E /* Resources */,
				C59DA0FBD6956966B86A3779 /* [CP] Embed Pods Frameworks */,
				F6A41C54EA430FDDC6A6ED99 /* [CP] Copy Pods Resources */,
			);
			buildRules = (
			);
			dependencies = (
				00E356F51AD99517003FC87E /* PBXTargetDependency */,
			);
			name = DarkMode_RNTests;
			productName = DarkMode_RNTests;
			productReference = 00E356EE1AD99517003FC87E /* DarkMode_RNTests.xctest */;
			productType = "com.apple.product-type.bundle.unit-test";
		};
		13B07F861A680F5B00A75B9A /* DarkMode_RN */ = {
			isa = PBXNativeTarget;
			buildConfigurationList = 13B07F931A680F5B00A75B9A /* Build configuration list for PBXNativeTarget "DarkMode_RN" */;
			buildPhases = (
				C38B50BA6285516D6DCD4F65 /* [CP] Check Pods Manifest.lock */,
				FD10A7F022414F080027D42C /* Start Packager */,
				13B07F871A680F5B00A75B9A /* Sources */,
				13B07F8C1A680F5B00A75B9A /* Frameworks */,
				13B07F8E1A680F5B00A75B9A /* Resources */,
				00DD1BFF1BD5951E006B06BC /* Bundle React Native code and images */,
				00EEFC60759A1932668264C0 /* [CP] Embed Pods Frameworks */,
				E235C05ADACE081382539298 /* [CP] Copy Pods Resources */,
			);
			buildRules = (
			);
			dependencies = (
			);
			name = DarkMode_RN;
			productName = DarkMode_RN;
			productReference = 13B07F961A680F5B00A75B9A /* DarkMode_RN.app */;
			productType = "com.apple.product-type.application";
		};
/* End PBXNativeTarget section */

/* Begin PBXProject section */
		83CBB9F71A601CBA00E9B192 /* Project object */ = {
			isa = PBXProject;
			attributes = {
				LastUpgradeCheck = 1210;
				TargetAttributes = {
					00E356ED1AD99517003FC87E = {
						CreatedOnToolsVersion = 6.2;
						TestTargetID = 13B07F861A680F5B00A75B9A;
					};
					13B07F861A680F5B00A75B9A = {
						LastSwiftMigration = 1120;
					};
				};
			};
			buildConfigurationList = 83CBB9FA1A601CBA00E9B192 /* Build configuration list for PBXProject "DarkMode_RN" */;
			compatibilityVersion = "Xcode 12.0";
			developmentRegion = en;
			hasScannedForEncodings = 0;
			knownRegions = (
				en,
				Base,
			);
			mainGroup = 83CBB9F61A601CBA00E9B192;
			productRefGroup = 83CBBA001A601CBA00E9B192 /* Products */;
			projectDirPath = "";
			projectRoot = "";
			targets = (
				13B07F861A680F5B00A75B9A /* DarkMode_RN */,
				00E356ED1AD99517003FC87E /* DarkMode_RNTests */,
			);
		};
/* End PBXProject section */

/* Begin PBXResourcesBuildPhase section */
		00E356EC1AD99517003FC87E /* Resources */ = {
			isa = PBXResourcesBuildPhase;
			buildActionMask = 2147483647;
			files = (
			);
			runOnlyForDeploymentPostprocessing = 0;
		};
		13B07F8E1A680F5B00A75B9A /* Resources */ = {
			isa = PBXResourcesBuildPhase;
			buildActionMask = 2147483647;
			files = (
				81AB9BB82411601600AC10FF /* LaunchScreen.storyboard in Resources */,
				13B07FBF1A68108700A75B9A /* Images.xcassets in Resources */,
				549E3C706F8F46E1B062F4AB /* Poppins-Black.ttf in Resources */,
				4A324E1C870B48EEA396AFC5 /* Poppins-BlackItalic.ttf in Resources */,
				1E2897CC622845C29ABB9CFB /* Poppins-Bold.ttf in Resources */,
				EF44CBAE63C145A583ED1836 /* Poppins-BoldItalic.ttf in Resources */,
				22806E5AB32A44F08B2CAD78 /* Poppins-ExtraBold.ttf in Resources */,
				3FFEE320ADBF401F8E823C44 /* Poppins-ExtraBoldItalic.ttf in Resources */,
				D493F400FEDD45829CDEB37B /* Poppins-ExtraLight.ttf in Resources */,
				2D8F089E619048A9977BBADC /* Poppins-ExtraLightItalic.ttf in Resources */,
				D90F2FAD81FD4E9DB3808FBD /* Poppins-Italic.ttf in Resources */,
				0B9573F9978E49BAA8B82ABE /* Poppins-Light.ttf in Resources */,
				16A76ED5A18244E4AD3BFCD0 /* Poppins-LightItalic.ttf in Resources */,
				79F453E4AF774DF58A71428E /* Poppins-Medium.ttf in Resources */,
				FD7D83884BEA42BAA0449D6A /* Poppins-MediumItalic.ttf in Resources */,
				96DAD8094CDB486D9D3D29A5 /* Poppins-Regular.ttf in Resources */,
				D74D822EDA6D4AE18007EEEE /* Poppins-SemiBold.ttf in Resources */,
				F27439D327C444F3ADFBC58F /* Poppins-SemiBoldItalic.ttf in Resources */,
				97D9231215B642AEB0378E01 /* Poppins-Thin.ttf in Resources */,
				FC9EBB55A3FD4A099EF48F6A /* Poppins-ThinItalic.ttf in Resources */,
				09B8056D011F483CB228E027 /* VVE-Giallo-Bold.ttf in Resources */,
				19763533C0024E92A95F0CA0 /* VVE-Giallo-BoldItalic.ttf in Resources */,
				261F6051DCE147DEB42699C7 /* VVE-Giallo-Book.ttf in Resources */,
				E923773942994A0DB3CEAEA2 /* VVE-Giallo-BookItalic.ttf in Resources */,
				A677CBA7373D44B4BF943DB2 /* VVE-Giallo-ExtraBold.ttf in Resources */,
				68EB64E32EAB409BAF58E80B /* VVE-Giallo-ExtraBoldItalic.ttf in Resources */,
				34169016CA824CA5B9185664 /* VVE-Giallo-Heavy.ttf in Resources */,
				755A25CAA9B249F9ACFDBBE5 /* VVE-Giallo-HeavyItalic.ttf in Resources */,
				36B571BE4C1846F3B6406F32 /* VVE-Giallo-Italic.ttf in Resources */,
				F15DB32260BA4D8281B34900 /* VVE-Giallo-Light.ttf in Resources */,
				91D0A14EEA814F41895C9EC3 /* VVE-Giallo-LightItalic.ttf in Resources */,
				63609F4FEC4F4DB7A706B150 /* VVE-Giallo-Medium.ttf in Resources */,
				A5D8C7BF00854FF19D8C4500 /* VVE-Giallo-MediumItalic.ttf in Resources */,
				706C4F39A35B4DB7868E5655 /* VVE-Giallo-Regular.ttf in Resources */,
				5CC3C7945FCF423BBFFB819D /* VVE-Giallo-Thin.ttf in Resources */,
				8BAF4350734D48ED991B7F34 /* VVE-Giallo-ThinItalic.ttf in Resources */,
			);
			runOnlyForDeploymentPostprocessing = 0;
		};
/* End PBXResourcesBuildPhase section */

/* Begin PBXShellScriptBuildPhase section */
		00DD1BFF1BD5951E006B06BC /* Bundle React Native code and images */ = {
			isa = PBXShellScriptBuildPhase;
			buildActionMask = 2147483647;
			files = (
			);
			inputPaths = (
				"$(SRCROOT)/.xcode.env.local",
				"$(SRCROOT)/.xcode.env",
			);
			name = "Bundle React Native code and images";
			outputPaths = (
			);
			runOnlyForDeploymentPostprocessing = 0;
			shellPath = /bin/sh;
			shellScript = "set -e\n\nWITH_ENVIRONMENT=\"../node_modules/react-native/scripts/xcode/with-environment.sh\"\nREACT_NATIVE_XCODE=\"../node_modules/react-native/scripts/react-native-xcode.sh\"\n\n/bin/sh -c \"$WITH_ENVIRONMENT $REACT_NATIVE_XCODE\"\n";
		};
		00EEFC60759A1932668264C0 /* [CP] Embed Pods Frameworks */ = {
			isa = PBXShellScriptBuildPhase;
			buildActionMask = 2147483647;
			files = (
			);
			inputFileListPaths = (
				"${PODS_ROOT}/Target Support Files/Pods-DarkMode_RN/Pods-DarkMode_RN-frameworks-${CONFIGURATION}-input-files.xcfilelist",
			);
			name = "[CP] Embed Pods Frameworks";
			outputFileListPaths = (
				"${PODS_ROOT}/Target Support Files/Pods-DarkMode_RN/Pods-DarkMode_RN-frameworks-${CONFIGURATION}-output-files.xcfilelist",
			);
			runOnlyForDeploymentPostprocessing = 0;
			shellPath = /bin/sh;
			shellScript = "\"${PODS_ROOT}/Target Support Files/Pods-DarkMode_RN/Pods-DarkMode_RN-frameworks.sh\"\n";
			showEnvVarsInLog = 0;
		};
		A55EABD7B0C7F3A422A6CC61 /* [CP] Check Pods Manifest.lock */ = {
			isa = PBXShellScriptBuildPhase;
			buildActionMask = 2147483647;
			files = (
			);
			inputFileListPaths = (
			);
			inputPaths = (
				"${PODS_PODFILE_DIR_PATH}/Podfile.lock",
				"${PODS_ROOT}/Manifest.lock",
			);
			name = "[CP] Check Pods Manifest.lock";
			outputFileListPaths = (
			);
			outputPaths = (
				"$(DERIVED_FILE_DIR)/Pods-DarkMode_RN-DarkMode_RNTests-checkManifestLockResult.txt",
			);
			runOnlyForDeploymentPostprocessing = 0;
			shellPath = /bin/sh;
			shellScript = "diff \"${PODS_PODFILE_DIR_PATH}/Podfile.lock\" \"${PODS_ROOT}/Manifest.lock\" > /dev/null\nif [ $? != 0 ] ; then\n    # print error to STDERR\n    echo \"error: The sandbox is not in sync with the Podfile.lock. Run 'pod install' or update your CocoaPods installation.\" >&2\n    exit 1\nfi\n# This output is used by Xcode 'outputs' to avoid re-running this script phase.\necho \"SUCCESS\" > \"${SCRIPT_OUTPUT_FILE_0}\"\n";
			showEnvVarsInLog = 0;
		};
		C38B50BA6285516D6DCD4F65 /* [CP] Check Pods Manifest.lock */ = {
			isa = PBXShellScriptBuildPhase;
			buildActionMask = 2147483647;
			files = (
			);
			inputFileListPaths = (
			);
			inputPaths = (
				"${PODS_PODFILE_DIR_PATH}/Podfile.lock",
				"${PODS_ROOT}/Manifest.lock",
			);
			name = "[CP] Check Pods Manifest.lock";
			outputFileListPaths = (
			);
			outputPaths = (
				"$(DERIVED_FILE_DIR)/Pods-DarkMode_RN-checkManifestLockResult.txt",
			);
			runOnlyForDeploymentPostprocessing = 0;
			shellPath = /bin/sh;
			shellScript = "diff \"${PODS_PODFILE_DIR_PATH}/Podfile.lock\" \"${PODS_ROOT}/Manifest.lock\" > /dev/null\nif [ $? != 0 ] ; then\n    # print error to STDERR\n    echo \"error: The sandbox is not in sync with the Podfile.lock. Run 'pod install' or update your CocoaPods installation.\" >&2\n    exit 1\nfi\n# This output is used by Xcode 'outputs' to avoid re-running this script phase.\necho \"SUCCESS\" > \"${SCRIPT_OUTPUT_FILE_0}\"\n";
			showEnvVarsInLog = 0;
		};
		C59DA0FBD6956966B86A3779 /* [CP] Embed Pods Frameworks */ = {
			isa = PBXShellScriptBuildPhase;
			buildActionMask = 2147483647;
			files = (
			);
			inputFileListPaths = (
				"${PODS_ROOT}/Target Support Files/Pods-DarkMode_RN-DarkMode_RNTests/Pods-DarkMode_RN-DarkMode_RNTests-frameworks-${CONFIGURATION}-input-files.xcfilelist",
			);
			name = "[CP] Embed Pods Frameworks";
			outputFileListPaths = (
				"${PODS_ROOT}/Target Support Files/Pods-DarkMode_RN-DarkMode_RNTests/Pods-DarkMode_RN-DarkMode_RNTests-frameworks-${CONFIGURATION}-output-files.xcfilelist",
			);
			runOnlyForDeploymentPostprocessing = 0;
			shellPath = /bin/sh;
			shellScript = "\"${PODS_ROOT}/Target Support Files/Pods-DarkMode_RN-DarkMode_RNTests/Pods-DarkMode_RN-DarkMode_RNTests-frameworks.sh\"\n";
			showEnvVarsInLog = 0;
		};
		E235C05ADACE081382539298 /* [CP] Copy Pods Resources */ = {
			isa = PBXShellScriptBuildPhase;
			buildActionMask = 2147483647;
			files = (
			);
			inputFileListPaths = (
				"${PODS_ROOT}/Target Support Files/Pods-DarkMode_RN/Pods-DarkMode_RN-resources-${CONFIGURATION}-input-files.xcfilelist",
			);
			name = "[CP] Copy Pods Resources";
			outputFileListPaths = (
				"${PODS_ROOT}/Target Support Files/Pods-DarkMode_RN/Pods-DarkMode_RN-resources-${CONFIGURATION}-output-files.xcfilelist",
			);
			runOnlyForDeploymentPostprocessing = 0;
			shellPath = /bin/sh;
			shellScript = "\"${PODS_ROOT}/Target Support Files/Pods-DarkMode_RN/Pods-DarkMode_RN-resources.sh\"\n";
			showEnvVarsInLog = 0;
		};
		F6A41C54EA430FDDC6A6ED99 /* [CP] Copy Pods Resources */ = {
			isa = PBXShellScriptBuildPhase;
			buildActionMask = 2147483647;
			files = (
			);
			inputFileListPaths = (
				"${PODS_ROOT}/Target Support Files/Pods-DarkMode_RN-DarkMode_RNTests/Pods-DarkMode_RN-DarkMode_RNTests-resources-${CONFIGURATION}-input-files.xcfilelist",
			);
			name = "[CP] Copy Pods Resources";
			outputFileListPaths = (
				"${PODS_ROOT}/Target Support Files/Pods-DarkMode_RN-DarkMode_RNTests/Pods-DarkMode_RN-DarkMode_RNTests-resources-${CONFIGURATION}-output-files.xcfilelist",
			);
			runOnlyForDeploymentPostprocessing = 0;
			shellPath = /bin/sh;
			shellScript = "\"${PODS_ROOT}/Target Support Files/Pods-DarkMode_RN-DarkMode_RNTests/Pods-DarkMode_RN-DarkMode_RNTests-resources.sh\"\n";
			showEnvVarsInLog = 0;
		};
		FD10A7F022414F080027D42C /* Start Packager */ = {
			isa = PBXShellScriptBuildPhase;
			buildActionMask = 2147483647;
			files = (
			);
			inputFileListPaths = (
			);
			inputPaths = (
			);
			name = "Start Packager";
			outputFileListPaths = (
			);
			outputPaths = (
			);
			runOnlyForDeploymentPostprocessing = 0;
			shellPath = /bin/sh;
			shellScript = "export RCT_METRO_PORT=\"${RCT_METRO_PORT:=8081}\"\necho \"export RCT_METRO_PORT=${RCT_METRO_PORT}\" > \"${SRCROOT}/../node_modules/react-native/scripts/.packager.env\"\nif [ -z \"${RCT_NO_LAUNCH_PACKAGER+xxx}\" ] ; then\n  if nc -w 5 -z localhost ${RCT_METRO_PORT} ; then\n    if ! curl -s \"http://localhost:${RCT_METRO_PORT}/status\" | grep -q \"packager-status:running\" ; then\n      echo \"Port ${RCT_METRO_PORT} already in use, packager is either not running or not running correctly\"\n      exit 2\n    fi\n  else\n    open \"$SRCROOT/../node_modules/react-native/scripts/launchPackager.command\" || echo \"Can't start packager automatically\"\n  fi\nfi\n";
			showEnvVarsInLog = 0;
		};
/* End PBXShellScriptBuildPhase section */

/* Begin PBXSourcesBuildPhase section */
		00E356EA1AD99517003FC87E /* Sources */ = {
			isa = PBXSourcesBuildPhase;
			buildActionMask = 2147483647;
			files = (
				00E356F31AD99517003FC87E /* DarkMode_RNTests.m in Sources */,
			);
			runOnlyForDeploymentPostprocessing = 0;
		};
		13B07F871A680F5B00A75B9A /* Sources */ = {
			isa = PBXSourcesBuildPhase;
			buildActionMask = 2147483647;
			files = (
				13B07FBC1A68108700A75B9A /* AppDelegate.mm in Sources */,
				13B07FC11A68108700A75B9A /* main.m in Sources */,
			);
			runOnlyForDeploymentPostprocessing = 0;
		};
/* End PBXSourcesBuildPhase section */

/* Begin PBXTargetDependency section */
		00E356F51AD99517003FC87E /* PBXTargetDependency */ = {
			isa = PBXTargetDependency;
			target = 13B07F861A680F5B00A75B9A /* DarkMode_RN */;
			targetProxy = 00E356F41AD99517003FC87E /* PBXContainerItemProxy */;
		};
/* End PBXTargetDependency section */

/* Begin XCBuildConfiguration section */
		00E356F61AD99517003FC87E /* Debug */ = {
			isa = XCBuildConfiguration;
			baseConfigurationReference = 5B7EB9410499542E8C5724F5 /* Pods-DarkMode_RN-DarkMode_RNTests.debug.xcconfig */;
			buildSettings = {
				BUNDLE_LOADER = "$(TEST_HOST)";
				GCC_PREPROCESSOR_DEFINITIONS = (
					"DEBUG=1",
					"$(inherited)",
				);
				INFOPLIST_FILE = DarkMode_RNTests/Info.plist;
				IPHONEOS_DEPLOYMENT_TARGET = 12.4;
				LD_RUNPATH_SEARCH_PATHS = (
					"$(inherited)",
					"@executable_path/Frameworks",
					"@loader_path/Frameworks",
				);
				OTHER_LDFLAGS = (
					"-ObjC",
					"-lc++",
					"$(inherited)",
				);
				PRODUCT_BUNDLE_IDENTIFIER = "org.reactjs.native.example.$(PRODUCT_NAME:rfc1034identifier)";
				PRODUCT_NAME = "$(TARGET_NAME)";
				TEST_HOST = "$(BUILT_PRODUCTS_DIR)/DarkMode_RN.app/DarkMode_RN";
			};
			name = Debug;
		};
		00E356F71AD99517003FC87E /* Release */ = {
			isa = XCBuildConfiguration;
			baseConfigurationReference = 89C6BE57DB24E9ADA2F236DE /* Pods-DarkMode_RN-DarkMode_RNTests.release.xcconfig */;
			buildSettings = {
				BUNDLE_LOADER = "$(TEST_HOST)";
				COPY_PHASE_STRIP = NO;
				INFOPLIST_FILE = DarkMode_RNTests/Info.plist;
				IPHONEOS_DEPLOYMENT_TARGET = 12.4;
				LD_RUNPATH_SEARCH_PATHS = (
					"$(inherited)",
					"@executable_path/Frameworks",
					"@loader_path/Frameworks",
				);
				OTHER_LDFLAGS = (
					"-ObjC",
					"-lc++",
					"$(inherited)",
				);
				PRODUCT_BUNDLE_IDENTIFIER = "org.reactjs.native.example.$(PRODUCT_NAME:rfc1034identifier)";
				PRODUCT_NAME = "$(TARGET_NAME)";
				TEST_HOST = "$(BUILT_PRODUCTS_DIR)/DarkMode_RN.app/DarkMode_RN";
			};
			name = Release;
		};
		13B07F941A680F5B00A75B9A /* Debug */ = {
			isa = XCBuildConfiguration;
			baseConfigurationReference = 3B4392A12AC88292D35C810B /* Pods-DarkMode_RN.debug.xcconfig */;
			buildSettings = {
				ASSETCATALOG_COMPILER_APPICON_NAME = AppIcon;
				CLANG_ENABLE_MODULES = YES;
				CURRENT_PROJECT_VERSION = 1;
				ENABLE_BITCODE = NO;
				INFOPLIST_FILE = DarkMode_RN/Info.plist;
				LD_RUNPATH_SEARCH_PATHS = (
					"$(inherited)",
					"@executable_path/Frameworks",
				);
				OTHER_LDFLAGS = (
					"$(inherited)",
					"-ObjC",
					"-lc++",
				);
				PRODUCT_BUNDLE_IDENTIFIER = "org.reactjs.native.example.$(PRODUCT_NAME:rfc1034identifier)";
				PRODUCT_NAME = DarkMode_RN;
				SWIFT_OPTIMIZATION_LEVEL = "-Onone";
				SWIFT_VERSION = 5.0;
				VERSIONING_SYSTEM = "apple-generic";
			};
			name = Debug;
		};
		13B07F951A680F5B00A75B9A /* Release */ = {
			isa = XCBuildConfiguration;
			baseConfigurationReference = 5709B34CF0A7D63546082F79 /* Pods-DarkMode_RN.release.xcconfig */;
			buildSettings = {
				ASSETCATALOG_COMPILER_APPICON_NAME = AppIcon;
				CLANG_ENABLE_MODULES = YES;
				CURRENT_PROJECT_VERSION = 1;
				INFOPLIST_FILE = DarkMode_RN/Info.plist;
				LD_RUNPATH_SEARCH_PATHS = (
					"$(inherited)",
					"@executable_path/Frameworks",
				);
				OTHER_LDFLAGS = (
					"$(inherited)",
					"-ObjC",
					"-lc++",
				);
				PRODUCT_BUNDLE_IDENTIFIER = "org.reactjs.native.example.$(PRODUCT_NAME:rfc1034identifier)";
				PRODUCT_NAME = DarkMode_RN;
				SWIFT_VERSION = 5.0;
				VERSIONING_SYSTEM = "apple-generic";
			};
			name = Release;
		};
		83CBBA201A601CBA00E9B192 /* Debug */ = {
			isa = XCBuildConfiguration;
			buildSettings = {
				ALWAYS_SEARCH_USER_PATHS = NO;
				CLANG_ANALYZER_LOCALIZABILITY_NONLOCALIZED = YES;
				CLANG_CXX_LANGUAGE_STANDARD = "c++17";
				CLANG_CXX_LIBRARY = "libc++";
				CLANG_ENABLE_MODULES = YES;
				CLANG_ENABLE_OBJC_ARC = YES;
				CLANG_WARN_BLOCK_CAPTURE_AUTORELEASING = YES;
				CLANG_WARN_BOOL_CONVERSION = YES;
				CLANG_WARN_COMMA = YES;
				CLANG_WARN_CONSTANT_CONVERSION = YES;
				CLANG_WARN_DEPRECATED_OBJC_IMPLEMENTATIONS = YES;
				CLANG_WARN_DIRECT_OBJC_ISA_USAGE = YES_ERROR;
				CLANG_WARN_EMPTY_BODY = YES;
				CLANG_WARN_ENUM_CONVERSION = YES;
				CLANG_WARN_INFINITE_RECURSION = YES;
				CLANG_WARN_INT_CONVERSION = YES;
				CLANG_WARN_NON_LITERAL_NULL_CONVERSION = YES;
				CLANG_WARN_OBJC_IMPLICIT_RETAIN_SELF = YES;
				CLANG_WARN_OBJC_LITERAL_CONVERSION = YES;
				CLANG_WARN_OBJC_ROOT_CLASS = YES_ERROR;
				CLANG_WARN_QUOTED_INCLUDE_IN_FRAMEWORK_HEADER = YES;
				CLANG_WARN_RANGE_LOOP_ANALYSIS = YES;
				CLANG_WARN_STRICT_PROTOTYPES = YES;
				CLANG_WARN_SUSPICIOUS_MOVE = YES;
				CLANG_WARN_UNREACHABLE_CODE = YES;
				CLANG_WARN__DUPLICATE_METHOD_MATCH = YES;
				"CODE_SIGN_IDENTITY[sdk=iphoneos*]" = "iPhone Developer";
				COPY_PHASE_STRIP = NO;
				ENABLE_STRICT_OBJC_MSGSEND = YES;
				ENABLE_TESTABILITY = YES;
				"EXCLUDED_ARCHS[sdk=iphonesimulator*]" = i386;
				GCC_C_LANGUAGE_STANDARD = gnu99;
				GCC_DYNAMIC_NO_PIC = NO;
				GCC_NO_COMMON_BLOCKS = YES;
				GCC_OPTIMIZATION_LEVEL = 0;
				GCC_PREPROCESSOR_DEFINITIONS = (
					"DEBUG=1",
					"$(inherited)",
				);
				GCC_SYMBOLS_PRIVATE_EXTERN = NO;
				GCC_WARN_64_TO_32_BIT_CONVERSION = YES;
				GCC_WARN_ABOUT_RETURN_TYPE = YES_ERROR;
				GCC_WARN_UNDECLARED_SELECTOR = YES;
				GCC_WARN_UNINITIALIZED_AUTOS = YES_AGGRESSIVE;
				GCC_WARN_UNUSED_FUNCTION = YES;
				GCC_WARN_UNUSED_VARIABLE = YES;
				IPHONEOS_DEPLOYMENT_TARGET = 12.4;
				LD_RUNPATH_SEARCH_PATHS = (
					/usr/lib/swift,
					"$(inherited)",
				);
				LIBRARY_SEARCH_PATHS = (
					"\"$(SDKROOT)/usr/lib/swift\"",
					"\"$(TOOLCHAIN_DIR)/usr/lib/swift/$(PLATFORM_NAME)\"",
					"\"$(inherited)\"",
				);
				MTL_ENABLE_DEBUG_INFO = YES;
				ONLY_ACTIVE_ARCH = YES;
				OTHER_CPLUSPLUSFLAGS = (
					"$(OTHER_CFLAGS)",
					"-DFOLLY_NO_CONFIG",
					"-DFOLLY_MOBILE=1",
					"-DFOLLY_USE_LIBCPP=1",
				);
				REACT_NATIVE_PATH = "${PODS_ROOT}/../../node_modules/react-native";
				SDKROOT = iphoneos;
			};
			name = Debug;
		};
		83CBBA211A601CBA00E9B192 /* Release */ = {
			isa = XCBuildConfiguration;
			buildSettings = {
				ALWAYS_SEARCH_USER_PATHS = NO;
				CLANG_ANALYZER_LOCALIZABILITY_NONLOCALIZED = YES;
				CLANG_CXX_LANGUAGE_STANDARD = "c++17";
				CLANG_CXX_LIBRARY = "libc++";
				CLANG_ENABLE_MODULES = YES;
				CLANG_ENABLE_OBJC_ARC = YES;
				CLANG_WARN_BLOCK_CAPTURE_AUTORELEASING = YES;
				CLANG_WARN_BOOL_CONVERSION = YES;
				CLANG_WARN_COMMA = YES;
				CLANG_WARN_CONSTANT_CONVERSION = YES;
				CLANG_WARN_DEPRECATED_OBJC_IMPLEMENTATIONS = YES;
				CLANG_WARN_DIRECT_OBJC_ISA_USAGE = YES_ERROR;
				CLANG_WARN_EMPTY_BODY = YES;
				CLANG_WARN_ENUM_CONVERSION = YES;
				CLANG_WARN_INFINITE_RECURSION = YES;
				CLANG_WARN_INT_CONVERSION = YES;
				CLANG_WARN_NON_LITERAL_NULL_CONVERSION = YES;
				CLANG_WARN_OBJC_IMPLICIT_RETAIN_SELF = YES;
				CLANG_WARN_OBJC_LITERAL_CONVERSION = YES;
				CLANG_WARN_OBJC_ROOT_CLASS = YES_ERROR;
				CLANG_WARN_QUOTED_INCLUDE_IN_FRAMEWORK_HEADER = YES;
				CLANG_WARN_RANGE_LOOP_ANALYSIS = YES;
				CLANG_WARN_STRICT_PROTOTYPES = YES;
				CLANG_WARN_SUSPICIOUS_MOVE = YES;
				CLANG_WARN_UNREACHABLE_CODE = YES;
				CLANG_WARN__DUPLICATE_METHOD_MATCH = YES;
				"CODE_SIGN_IDENTITY[sdk=iphoneos*]" = "iPhone Developer";
				COPY_PHASE_STRIP = YES;
				ENABLE_NS_ASSERTIONS = NO;
				ENABLE_STRICT_OBJC_MSGSEND = YES;
				"EXCLUDED_ARCHS[sdk=iphonesimulator*]" = i386;
				GCC_C_LANGUAGE_STANDARD = gnu99;
				GCC_NO_COMMON_BLOCKS = YES;
				GCC_WARN_64_TO_32_BIT_CONVERSION = YES;
				GCC_WARN_ABOUT_RETURN_TYPE = YES_ERROR;
				GCC_WARN_UNDECLARED_SELECTOR = YES;
				GCC_WARN_UNINITIALIZED_AUTOS = YES_AGGRESSIVE;
				GCC_WARN_UNUSED_FUNCTION = YES;
				GCC_WARN_UNUSED_VARIABLE = YES;
				IPHONEOS_DEPLOYMENT_TARGET = 12.4;
				LD_RUNPATH_SEARCH_PATHS = (
					/usr/lib/swift,
					"$(inherited)",
				);
				LIBRARY_SEARCH_PATHS = (
					"\"$(SDKROOT)/usr/lib/swift\"",
					"\"$(TOOLCHAIN_DIR)/usr/lib/swift/$(PLATFORM_NAME)\"",
					"\"$(inherited)\"",
				);
				MTL_ENABLE_DEBUG_INFO = NO;
				OTHER_CPLUSPLUSFLAGS = (
					"$(OTHER_CFLAGS)",
					"-DFOLLY_NO_CONFIG",
					"-DFOLLY_MOBILE=1",
					"-DFOLLY_USE_LIBCPP=1",
				);
				REACT_NATIVE_PATH = "${PODS_ROOT}/../../node_modules/react-native";
				SDKROOT = iphoneos;
				VALIDATE_PRODUCT = YES;
			};
			name = Release;
		};
/* End XCBuildConfiguration section */

/* Begin XCConfigurationList section */
		00E357021AD99517003FC87E /* Build configuration list for PBXNativeTarget "DarkMode_RNTests" */ = {
			isa = XCConfigurationList;
			buildConfigurations = (
				00E356F61AD99517003FC87E /* Debug */,
				00E356F71AD99517003FC87E /* Release */,
			);
			defaultConfigurationIsVisible = 0;
			defaultConfigurationName = Release;
		};
		13B07F931A680F5B00A75B9A /* Build configuration list for PBXNativeTarget "DarkMode_RN" */ = {
			isa = XCConfigurationList;
			buildConfigurations = (
				13B07F941A680F5B00A75B9A /* Debug */,
				13B07F951A680F5B00A75B9A /* Release */,
			);
			defaultConfigurationIsVisible = 0;
			defaultConfigurationName = Release;
		};
		83CBB9FA1A601CBA00E9B192 /* Build configuration list for PBXProject "DarkMode_RN" */ = {
			isa = XCConfigurationList;
			buildConfigurations = (
				83CBBA201A601CBA00E9B192 /* Debug */,
				83CBBA211A601CBA00E9B192 /* Release */,
			);
			defaultConfigurationIsVisible = 0;
			defaultConfigurationName = Release;
		};
/* End XCConfigurationList section */
	};
	rootObject = 83CBB9F71A601CBA00E9B192 /* Project object */;
}
